
Microsoft Visual Studio Solution File, Format Version 12.00
# Visual Studio Version 17
VisualStudioVersion = 17.14.36623.8 d17.14
MinimumVisualStudioVersion = 10.0.40219.1
Project("{FAE04EC0-301F-11D3-BF4B-00C04F79EFBC}") = "GPO", "GPO\GPO.csproj", "{05E6F89D-6222-4417-A52E-3B7E1AD62068}"
EndProject
Global
	GlobalSection(SolutionConfigurationPlatforms) = preSolution
		Debug|Any CPU = Debug|Any CPU
		Release|Any CPU = Release|Any CPU
	EndGlobalSection
	GlobalSection(ProjectConfigurationPlatforms) = postSolution
		{05E6F89D-6222-4417-A52E-3B7E1AD62068}.Debug|Any CPU.ActiveCfg = Debug|Any CPU
		{05E6F89D-6222-4417-A52E-3B7E1AD62068}.Debug|Any CPU.Build.0 = Debug|Any CPU
		{05E6F89D-6222-4417-A52E-3B7E1AD62068}.Release|Any CPU.ActiveCfg = Release|Any CPU
		{05E6F89D-6222-4417-A52E-3B7E1AD62068}.Release|Any CPU.Build.0 = Release|Any CPU
	EndGlobalSection
	GlobalSection(SolutionProperties) = preSolution
		HideSolutionNode = FALSE
	EndGlobalSection
	GlobalSection(ExtensibilityGlobals) = postSolution
		SolutionGuid = {3BAB85A4-0D42-41B4-B76A-54752D1E148F}
	EndGlobalSection
EndGlobal
